
Microsoft Visual Studio Solution File, Format Version 12.00
# Visual Studio Version 17
VisualStudioVersion = 17.5.33530.505
MinimumVisualStudioVersion = 10.0.40219.1
Project("{FAE04EC0-301F-11D3-BF4B-00C04F79EFBC}") = "Connectify_SocialMediaProject", "Connectify_SocialMediaProject\Connectify_SocialMediaProject.csproj", "{84337466-8C5B-4190-9CB1-54765D2B3158}"
EndProject
Global
	GlobalSection(SolutionConfigurationPlatforms) = preSolution
		Debug|Any CPU = Debug|Any CPU
		Release|Any CPU = Release|Any CPU
	EndGlobalSection
	GlobalSection(ProjectConfigurationPlatforms) = postSolution
		{84337466-8C5B-4190-9CB1-54765D2B3158}.Debug|Any CPU.ActiveCfg = Debug|Any CPU
		{84337466-8C5B-4190-9CB1-54765D2B3158}.Debug|Any CPU.Build.0 = Debug|Any CPU
		{84337466-8C5B-4190-9CB1-54765D2B3158}.Release|Any CPU.ActiveCfg = Release|Any CPU
		{84337466-8C5B-4190-9CB1-54765D2B3158}.Release|Any CPU.Build.0 = Release|Any CPU
	EndGlobalSection
	GlobalSection(SolutionProperties) = preSolution
		HideSolutionNode = FALSE
	EndGlobalSection
	GlobalSection(ExtensibilityGlobals) = postSolution
		SolutionGuid = {3041264A-4E92-4D36-9B37-4CFAA0F064C1}
	EndGlobalSection
EndGlobal
